// !$*UTF8*$!
{
	archiveVersion = 1;
	classes = {
	};
	objectVersion = 50;
	objects = {

/* Begin PBXBuildFile section */
		FD52965025A7ECF20019FEFE /* AppDelegate.swift in Sources */ = {isa = PBXBuildFile; fileRef = FD52964F25A7ECF20019FEFE /* AppDelegate.swift */; };
		FD52965225A7ECF20019FEFE /* SceneDelegate.swift in Sources */ = {isa = PBXBuildFile; fileRef = FD52965125A7ECF20019FEFE /* SceneDelegate.swift */; };
		FD52965925A7ECF40019FEFE /* Assets.xcassets in Resources */ = {isa = PBXBuildFile; fileRef = FD52965825A7ECF40019FEFE /* Assets.xcassets */; };
		FD52965C25A7ECF40019FEFE /* LaunchScreen.storyboard in Resources */ = {isa = PBXBuildFile; fileRef = FD52965A25A7ECF40019FEFE /* LaunchScreen.storyboard */; };
		FD52969D25A7F7B80019FEFE /* BasketService.swift in Sources */ = {isa = PBXBuildFile; fileRef = FD52969C25A7F7B80019FEFE /* BasketService.swift */; };
		FD5296A325A7F88D0019FEFE /* MainPresenter.swift in Sources */ = {isa = PBXBuildFile; fileRef = FD5296A225A7F88D0019FEFE /* MainPresenter.swift */; };
		FD5296A725A7F8AD0019FEFE /* MainViewController.swift in Sources */ = {isa = PBXBuildFile; fileRef = FD5296A625A7F8AD0019FEFE /* MainViewController.swift */; };
		FD5296AD25A7FAF00019FEFE /* Products.swift in Sources */ = {isa = PBXBuildFile; fileRef = FD5296AC25A7FAF00019FEFE /* Products.swift */; };
		FD5296B325A7FB260019FEFE /* Basket.swift in Sources */ = {isa = PBXBuildFile; fileRef = FD5296B225A7FB260019FEFE /* Basket.swift */; };
		FD5296B825A7FC130019FEFE /* ModuleBuilder.swift in Sources */ = {isa = PBXBuildFile; fileRef = FD5296B725A7FC130019FEFE /* ModuleBuilder.swift */; };
		FD5296C125A808200019FEFE /* ProductsViewCell.swift in Sources */ = {isa = PBXBuildFile; fileRef = FD5296BF25A808200019FEFE /* ProductsViewCell.swift */; };
		FD5296C225A808200019FEFE /* ProductsViewCell.xib in Resources */ = {isa = PBXBuildFile; fileRef = FD5296C025A808200019FEFE /* ProductsViewCell.xib */; };
		FD5296C625A80CC10019FEFE /* Image.xcassets in Resources */ = {isa = PBXBuildFile; fileRef = FD5296C525A80CC10019FEFE /* Image.xcassets */; };
		FD5296D025A81D340019FEFE /* BasketPresenter.swift in Sources */ = {isa = PBXBuildFile; fileRef = FD5296CF25A81D340019FEFE /* BasketPresenter.swift */; };
		FD5296D425A81D4C0019FEFE /* BasketViewController.swift in Sources */ = {isa = PBXBuildFile; fileRef = FD5296D325A81D4C0019FEFE /* BasketViewController.swift */; };
		FD5296D925A823000019FEFE /* BasketViewCell.swift in Sources */ = {isa = PBXBuildFile; fileRef = FD5296D725A823000019FEFE /* BasketViewCell.swift */; };
		FD5296DA25A823000019FEFE /* BasketViewCell.xib in Resources */ = {isa = PBXBuildFile; fileRef = FD5296D825A823000019FEFE /* BasketViewCell.xib */; };
/* End PBXBuildFile section */

/* Begin PBXFileReference section */
		FD52964C25A7ECF20019FEFE /* BasketStore.app */ = {isa = PBXFileReference; explicitFileType = wrapper.application; includeInIndex = 0; path = BasketStore.app; sourceTree = BUILT_PRODUCTS_DIR; };
		FD52964F25A7ECF20019FEFE /* AppDelegate.swift */ = {isa = PBXFileReference; lastKnownFileType = sourcecode.swift; path = AppDelegate.swift; sourceTree = "<group>"; };
		FD52965125A7ECF20019FEFE /* SceneDelegate.swift */ = {isa = PBXFileReference; lastKnownFileType = sourcecode.swift; path = SceneDelegate.swift; sourceTree = "<group>"; };
		FD52965825A7ECF40019FEFE /* Assets.xcassets */ = {isa = PBXFileReference; lastKnownFileType = folder.assetcatalog; path = Assets.xcassets; sourceTree = "<group>"; };
		FD52965B25A7ECF40019FEFE /* Base */ = {isa = PBXFileReference; lastKnownFileType = file.storyboard; name = Base; path = Base.lproj/LaunchScreen.storyboard; sourceTree = "<group>"; };
		FD52965D25A7ECF40019FEFE /* Info.plist */ = {isa = PBXFileReference; lastKnownFileType = text.plist.xml; path = Info.plist; sourceTree = "<group>"; };
		FD52969C25A7F7B80019FEFE /* BasketService.swift */ = {isa = PBXFileReference; lastKnownFileType = sourcecode.swift; path = BasketService.swift; sourceTree = "<group>"; };
		FD5296A225A7F88D0019FEFE /* MainPresenter.swift */ = {isa = PBXFileReference; lastKnownFileType = sourcecode.swift; path = MainPresenter.swift; sourceTree = "<group>"; };
		FD5296A625A7F8AD0019FEFE /* MainViewController.swift */ = {isa = PBXFileReference; lastKnownFileType = sourcecode.swift; path = MainViewController.swift; sourceTree = "<group>"; };
		FD5296AC25A7FAF00019FEFE /* Products.swift */ = {isa = PBXFileReference; lastKnownFileType = sourcecode.swift; path = Products.swift; sourceTree = "<group>"; };
		FD5296B225A7FB260019FEFE /* Basket.swift */ = {isa = PBXFileReference; lastKnownFileType = sourcecode.swift; path = Basket.swift; sourceTree = "<group>"; };
		FD5296B725A7FC130019FEFE /* ModuleBuilder.swift */ = {isa = PBXFileReference; lastKnownFileType = sourcecode.swift; path = ModuleBuilder.swift; sourceTree = "<group>"; };
		FD5296BF25A808200019FEFE /* ProductsViewCell.swift */ = {isa = PBXFileReference; lastKnownFileType = sourcecode.swift; path = ProductsViewCell.swift; sourceTree = "<group>"; };
		FD5296C025A808200019FEFE /* ProductsViewCell.xib */ = {isa = PBXFileReference; lastKnownFileType = file.xib; path = ProductsViewCell.xib; sourceTree = "<group>"; };
		FD5296C525A80CC10019FEFE /* Image.xcassets */ = {isa = PBXFileReference; lastKnownFileType = folder.assetcatalog; path = Image.xcassets; sourceTree = "<group>"; };
		FD5296CF25A81D340019FEFE /* BasketPresenter.swift */ = {isa = PBXFileReference; lastKnownFileType = sourcecode.swift; path = BasketPresenter.swift; sourceTree = "<group>"; };
		FD5296D325A81D4C0019FEFE /* BasketViewController.swift */ = {isa = PBXFileReference; lastKnownFileType = sourcecode.swift; path = BasketViewController.swift; sourceTree = "<group>"; };
		FD5296D725A823000019FEFE /* BasketViewCell.swift */ = {isa = PBXFileReference; lastKnownFileType = sourcecode.swift; path = BasketViewCell.swift; sourceTree = "<group>"; };
		FD5296D825A823000019FEFE /* BasketViewCell.xib */ = {isa = PBXFileReference; lastKnownFileType = file.xib; path = BasketViewCell.xib; sourceTree = "<group>"; };
/* End PBXFileReference section */

/* Begin PBXFrameworksBuildPhase section */
		FD52964925A7ECF20019FEFE /* Frameworks */ = {
			isa = PBXFrameworksBuildPhase;
			buildActionMask = 2147483647;
			files = (
			);
			runOnlyForDeploymentPostprocessing = 0;
		};
/* End PBXFrameworksBuildPhase section */

/* Begin PBXGroup section */
		FD52964325A7ECF20019FEFE = {
			isa = PBXGroup;
			children = (
				FD52964E25A7ECF20019FEFE /* BasketStore */,
				FD52964D25A7ECF20019FEFE /* Products */,
			);
			sourceTree = "<group>";
		};
		FD52964D25A7ECF20019FEFE /* Products */ = {
			isa = PBXGroup;
			children = (
				FD52964C25A7ECF20019FEFE /* BasketStore.app */,
			);
			name = Products;
			sourceTree = "<group>";
		};
		FD52964E25A7ECF20019FEFE /* BasketStore */ = {
			isa = PBXGroup;
			children = (
				FD52969625A7F3540019FEFE /* App */,
				FD52969725A7F3640019FEFE /* Resources */,
				FD5296B625A7FBF50019FEFE /* ModuleBuilder */,
				FD52969A25A7F39F0019FEFE /* Services */,
				FD5296AA25A7FAD50019FEFE /* Models */,
				FD52967025A7ED4A0019FEFE /* Modules */,
				FD5296BB25A807930019FEFE /* View */,
			);
			path = BasketStore;
			sourceTree = "<group>";
		};
		FD52967025A7ED4A0019FEFE /* Modules */ = {
			isa = PBXGroup;
			children = (
				FD5296CE25A81D1D0019FEFE /* BasketModule */,
				FD52967125A7ED510019FEFE /* MainModule */,
			);
			path = Modules;
			sourceTree = "<group>";
		};
		FD52967125A7ED510019FEFE /* MainModule */ = {
			isa = PBXGroup;
			children = (
				FD5296A225A7F88D0019FEFE /* MainPresenter.swift */,
				FD5296A625A7F8AD0019FEFE /* MainViewController.swift */,
			);
			path = MainModule;
			sourceTree = "<group>";
		};
		FD52969625A7F3540019FEFE /* App */ = {
			isa = PBXGroup;
			children = (
				FD52965D25A7ECF40019FEFE /* Info.plist */,
				FD52964F25A7ECF20019FEFE /* AppDelegate.swift */,
				FD52965125A7ECF20019FEFE /* SceneDelegate.swift */,
			);
			path = App;
			sourceTree = "<group>";
		};
		FD52969725A7F3640019FEFE /* Resources */ = {
			isa = PBXGroup;
			children = (
				FD52965A25A7ECF40019FEFE /* LaunchScreen.storyboard */,
				FD52965825A7ECF40019FEFE /* Assets.xcassets */,
				FD5296C525A80CC10019FEFE /* Image.xcassets */,
			);
			path = Resources;
			sourceTree = "<group>";
		};
		FD52969A25A7F39F0019FEFE /* Services */ = {
			isa = PBXGroup;
			children = (
				FD52969C25A7F7B80019FEFE /* BasketService.swift */,
			);
			path = Services;
			sourceTree = "<group>";
		};
		FD5296AA25A7FAD50019FEFE /* Models */ = {
			isa = PBXGroup;
			children = (
				FD5296AC25A7FAF00019FEFE /* Products.swift */,
				FD5296B225A7FB260019FEFE /* Basket.swift */,
			);
			path = Models;
			sourceTree = "<group>";
		};
		FD5296B625A7FBF50019FEFE /* ModuleBuilder */ = {
			isa = PBXGroup;
			children = (
				FD5296B725A7FC130019FEFE /* ModuleBuilder.swift */,
			);
			path = ModuleBuilder;
			sourceTree = "<group>";
		};
		FD5296BB25A807930019FEFE /* View */ = {
			isa = PBXGroup;
			children = (
				FD5296BC25A8079D0019FEFE /* Cell */,
			);
			path = View;
			sourceTree = "<group>";
		};
		FD5296BC25A8079D0019FEFE /* Cell */ = {
			isa = PBXGroup;
			children = (
				FD5296D625A822E00019FEFE /* BasketViewCell */,
				FD5296BD25A807A50019FEFE /* ProductsViewCell */,
			);
			path = Cell;
			sourceTree = "<group>";
		};
		FD5296BD25A807A50019FEFE /* ProductsViewCell */ = {
			isa = PBXGroup;
			children = (
				FD5296BF25A808200019FEFE /* ProductsViewCell.swift */,
				FD5296C025A808200019FEFE /* ProductsViewCell.xib */,
			);
			path = ProductsViewCell;
			sourceTree = "<group>";
		};
		FD5296CE25A81D1D0019FEFE /* BasketModule */ = {
			isa = PBXGroup;
			children = (
				FD5296CF25A81D340019FEFE /* BasketPresenter.swift */,
				FD5296D325A81D4C0019FEFE /* BasketViewController.swift */,
			);
			path = BasketModule;
			sourceTree = "<group>";
		};
		FD5296D625A822E00019FEFE /* BasketViewCell */ = {
			isa = PBXGroup;
			children = (
				FD5296D725A823000019FEFE /* BasketViewCell.swift */,
				FD5296D825A823000019FEFE /* BasketViewCell.xib */,
			);
			path = BasketViewCell;
			sourceTree = "<group>";
		};
/* End PBXGroup section */

/* Begin PBXNativeTarget section */
		FD52964B25A7ECF20019FEFE /* BasketStore */ = {
			isa = PBXNativeTarget;
			buildConfigurationList = FD52966025A7ECF40019FEFE /* Build configuration list for PBXNativeTarget "BasketStore" */;
			buildPhases = (
				FD52964825A7ECF20019FEFE /* Sources */,
				FD52964925A7ECF20019FEFE /* Frameworks */,
				FD52964A25A7ECF20019FEFE /* Resources */,
			);
			buildRules = (
			);
			dependencies = (
			);
			name = BasketStore;
			productName = BasketStore;
			productReference = FD52964C25A7ECF20019FEFE /* BasketStore.app */;
			productType = "com.apple.product-type.application";
		};
/* End PBXNativeTarget section */

/* Begin PBXProject section */
		FD52964425A7ECF20019FEFE /* Project object */ = {
			isa = PBXProject;
			attributes = {
				LastSwiftUpdateCheck = 1230;
				LastUpgradeCheck = 1230;
				TargetAttributes = {
					FD52964B25A7ECF20019FEFE = {
						CreatedOnToolsVersion = 12.3;
					};
				};
			};
			buildConfigurationList = FD52964725A7ECF20019FEFE /* Build configuration list for PBXProject "BasketStore" */;
			compatibilityVersion = "Xcode 9.3";
			developmentRegion = en;
			hasScannedForEncodings = 0;
			knownRegions = (
				en,
				Base,
			);
			mainGroup = FD52964325A7ECF20019FEFE;
			productRefGroup = FD52964D25A7ECF20019FEFE /* Products */;
			projectDirPath = "";
			projectRoot = "";
			targets = (
				FD52964B25A7ECF20019FEFE /* BasketStore */,
			);
		};
/* End PBXProject section */

/* Begin PBXResourcesBuildPhase section */
		FD52964A25A7ECF20019FEFE /* Resources */ = {
			isa = PBXResourcesBuildPhase;
			buildActionMask = 2147483647;
			files = (
				FD5296C225A808200019FEFE /* ProductsViewCell.xib in Resources */,
				FD52965C25A7ECF40019FEFE /* LaunchScreen.storyboard in Resources */,
				FD5296C625A80CC10019FEFE /* Image.xcassets in Resources */,
				FD52965925A7ECF40019FEFE /* Assets.xcassets in Resources */,
				FD5296DA25A823000019FEFE /* BasketViewCell.xib in Resources */,
			);
			runOnlyForDeploymentPostprocessing = 0;
		};
/* End PBXResourcesBuildPhase section */

/* Begin PBXSourcesBuildPhase section */
		FD52964825A7ECF20019FEFE /* Sources */ = {
			isa = PBXSourcesBuildPhase;
			buildActionMask = 2147483647;
			files = (
				FD5296D925A823000019FEFE /* BasketViewCell.swift in Sources */,
				FD5296A325A7F88D0019FEFE /* MainPresenter.swift in Sources */,
				FD52965025A7ECF20019FEFE /* AppDelegate.swift in Sources */,
				FD5296B325A7FB260019FEFE /* Basket.swift in Sources */,
				FD5296B825A7FC130019FEFE /* ModuleBuilder.swift in Sources */,
				FD5296D025A81D340019FEFE /* BasketPresenter.swift in Sources */,
				FD5296AD25A7FAF00019FEFE /* Products.swift in Sources */,
				FD5296A725A7F8AD0019FEFE /* MainViewController.swift in Sources */,
				FD5296D425A81D4C0019FEFE /* BasketViewController.swift in Sources */,
				FD5296C125A808200019FEFE /* ProductsViewCell.swift in Sources */,
				FD52965225A7ECF20019FEFE /* SceneDelegate.swift in Sources */,
				FD52969D25A7F7B80019FEFE /* BasketService.swift in Sources */,
			);
			runOnlyForDeploymentPostprocessing = 0;
		};
/* End PBXSourcesBuildPhase section */

/* Begin PBXVariantGroup section */
		FD52965A25A7ECF40019FEFE /* LaunchScreen.storyboard */ = {
			isa = PBXVariantGroup;
			children = (
				FD52965B25A7ECF40019FEFE /* Base */,
			);
			name = LaunchScreen.storyboard;
			sourceTree = "<group>";
		};
/* End PBXVariantGroup section */

/* Begin XCBuildConfiguration section */
		FD52965E25A7ECF40019FEFE /* Debug */ = {
			isa = XCBuildConfiguration;
			buildSettings = {
				ALWAYS_SEARCH_USER_PATHS = NO;
				CLANG_ANALYZER_NONNULL = YES;
				CLANG_ANALYZER_NUMBER_OBJECT_CONVERSION = YES_AGGRESSIVE;
				CLANG_CXX_LANGUAGE_STANDARD = "gnu++14";
				CLANG_CXX_LIBRARY = "libc++";
				CLANG_ENABLE_MODULES = YES;
				CLANG_ENABLE_OBJC_ARC = YES;
				CLANG_ENABLE_OBJC_WEAK = YES;
				CLANG_WARN_BLOCK_CAPTURE_AUTORELEASING = YES;
				CLANG_WARN_BOOL_CONVERSION = YES;
				CLANG_WARN_COMMA = YES;
				CLANG_WARN_CONSTANT_CONVERSION = YES;
				CLANG_WARN_DEPRECATED_OBJC_IMPLEMENTATIONS = YES;
				CLANG_WARN_DIRECT_OBJC_ISA_USAGE = YES_ERROR;
				CLANG_WARN_DOCUMENTATION_COMMENTS = YES;
				CLANG_WARN_EMPTY_BODY = YES;
				CLANG_WARN_ENUM_CONVERSION = YES;
				CLANG_WARN_INFINITE_RECURSION = YES;
				CLANG_WARN_INT_CONVERSION = YES;
				CLANG_WARN_NON_LITERAL_NULL_CONVERSION = YES;
				CLANG_WARN_OBJC_IMPLICIT_RETAIN_SELF = YES;
				CLANG_WARN_OBJC_LITERAL_CONVERSION = YES;
				CLANG_WARN_OBJC_ROOT_CLASS = YES_ERROR;
				CLANG_WARN_QUOTED_INCLUDE_IN_FRAMEWORK_HEADER = YES;
				CLANG_WARN_RANGE_LOOP_ANALYSIS = YES;
				CLANG_WARN_STRICT_PROTOTYPES = YES;
				CLANG_WARN_SUSPICIOUS_MOVE = YES;
				CLANG_WARN_UNGUARDED_AVAILABILITY = YES_AGGRESSIVE;
				CLANG_WARN_UNREACHABLE_CODE = YES;
				CLANG_WARN__DUPLICATE_METHOD_MATCH = YES;
				COPY_PHASE_STRIP = NO;
				DEBUG_INFORMATION_FORMAT = dwarf;
				ENABLE_STRICT_OBJC_MSGSEND = YES;
				ENABLE_TESTABILITY = YES;
				GCC_C_LANGUAGE_STANDARD = gnu11;
				GCC_DYNAMIC_NO_PIC = NO;
				GCC_NO_COMMON_BLOCKS = YES;
				GCC_OPTIMIZATION_LEVEL = 0;
				GCC_PREPROCESSOR_DEFINITIONS = (
					"DEBUG=1",
					"$(inherited)",
				);
				GCC_WARN_64_TO_32_BIT_CONVERSION = YES;
				GCC_WARN_ABOUT_RETURN_TYPE = YES_ERROR;
				GCC_WARN_UNDECLARED_SELECTOR = YES;
				GCC_WARN_UNINITIALIZED_AUTOS = YES_AGGRESSIVE;
				GCC_WARN_UNUSED_FUNCTION = YES;
				GCC_WARN_UNUSED_VARIABLE = YES;
				IPHONEOS_DEPLOYMENT_TARGET = 12.0;
				MTL_ENABLE_DEBUG_INFO = INCLUDE_SOURCE;
				MTL_FAST_MATH = YES;
				ONLY_ACTIVE_ARCH = YES;
				SDKROOT = iphoneos;
				SWIFT_ACTIVE_COMPILATION_CONDITIONS = DEBUG;
				SWIFT_OPTIMIZATION_LEVEL = "-Onone";
			};
			name = Debug;
		};
		FD52965F25A7ECF40019FEFE /* Release */ = {
			isa = XCBuildConfiguration;
			buildSettings = {
				ALWAYS_SEARCH_USER_PATHS = NO;
				CLANG_ANALYZER_NONNULL = YES;
				CLANG_ANALYZER_NUMBER_OBJECT_CONVERSION = YES_AGGRESSIVE;
				CLANG_CXX_LANGUAGE_STANDARD = "gnu++14";
				CLANG_CXX_LIBRARY = "libc++";
				CLANG_ENABLE_MODULES = YES;
				CLANG_ENABLE_OBJC_ARC = YES;
				CLANG_ENABLE_OBJC_WEAK = YES;
				CLANG_WARN_BLOCK_CAPTURE_AUTORELEASING = YES;
				CLANG_WARN_BOOL_CONVERSION = YES;
				CLANG_WARN_COMMA = YES;
				CLANG_WARN_CONSTANT_CONVERSION = YES;
				CLANG_WARN_DEPRECATED_OBJC_IMPLEMENTATIONS = YES;
				CLANG_WARN_DIRECT_OBJC_ISA_USAGE = YES_ERROR;
				CLANG_WARN_DOCUMENTATION_COMMENTS = YES;
				CLANG_WARN_EMPTY_BODY = YES;
				CLANG_WARN_ENUM_CONVERSION = YES;
				CLANG_WARN_INFINITE_RECURSION = YES;
				CLANG_WARN_INT_CONVERSION = YES;
				CLANG_WARN_NON_LITERAL_NULL_CONVERSION = YES;
				CLANG_WARN_OBJC_IMPLICIT_RETAIN_SELF = YES;
				CLANG_WARN_OBJC_LITERAL_CONVERSION = YES;
				CLANG_WARN_OBJC_ROOT_CLASS = YES_ERROR;
				CLANG_WARN_QUOTED_INCLUDE_IN_FRAMEWORK_HEADER = YES;
				CLANG_WARN_RANGE_LOOP_ANALYSIS = YES;
				CLANG_WARN_STRICT_PROTOTYPES = YES;
				CLANG_WARN_SUSPICIOUS_MOVE = YES;
				CLANG_WARN_UNGUARDED_AVAILABILITY = YES_AGGRESSIVE;
				CLANG_WARN_UNREACHABLE_CODE = YES;
				CLANG_WARN__DUPLICATE_METHOD_MATCH = YES;
				COPY_PHASE_STRIP = NO;
				DEBUG_INFORMATION_FORMAT = "dwarf-with-dsym";
				ENABLE_NS_ASSERTIONS = NO;
				ENABLE_STRICT_OBJC_MSGSEND = YES;
				GCC_C_LANGUAGE_STANDARD = gnu11;
				GCC_NO_COMMON_BLOCKS = YES;
				GCC_WARN_64_TO_32_BIT_CONVERSION = YES;
				GCC_WARN_ABOUT_RETURN_TYPE = YES_ERROR;
				GCC_WARN_UNDECLARED_SELECTOR = YES;
				GCC_WARN_UNINITIALIZED_AUTOS = YES_AGGRESSIVE;
				GCC_WARN_UNUSED_FUNCTION = YES;
				GCC_WARN_UNUSED_VARIABLE = YES;
				IPHONEOS_DEPLOYMENT_TARGET = 12.0;
				MTL_ENABLE_DEBUG_INFO = NO;
				MTL_FAST_MATH = YES;
				SDKROOT = iphoneos;
				SWIFT_COMPILATION_MODE = wholemodule;
				SWIFT_OPTIMIZATION_LEVEL = "-O";
				VALIDATE_PRODUCT = YES;
			};
			name = Release;
		};
		FD52966125A7ECF40019FEFE /* Debug */ = {
			isa = XCBuildConfiguration;
			buildSettings = {
				ASSETCATALOG_COMPILER_APPICON_NAME = AppIcon;
				ASSETCATALOG_COMPILER_GLOBAL_ACCENT_COLOR_NAME = AccentColor;
				CODE_SIGN_STYLE = Automatic;
				DEVELOPMENT_TEAM = Z73YGZ4UAM;
				INFOPLIST_FILE = BasketStore/App/Info.plist;
				IPHONEOS_DEPLOYMENT_TARGET = 13.0;
				LD_RUNPATH_SEARCH_PATHS = (
					"$(inherited)",
					"@executable_path/Frameworks",
				);
				PRODUCT_BUNDLE_IDENTIFIER = com.kalinin.BasketStore;
				PRODUCT_NAME = "$(TARGET_NAME)";
				SWIFT_VERSION = 5.0;
				TARGETED_DEVICE_FAMILY = 1;
			};
			name = Debug;
		};
		FD52966225A7ECF40019FEFE /* Release */ = {
			isa = XCBuildConfiguration;
			buildSettings = {
				ASSETCATALOG_COMPILER_APPICON_NAME = AppIcon;
				ASSETCATALOG_COMPILER_GLOBAL_ACCENT_COLOR_NAME = AccentColor;
				CODE_SIGN_STYLE = Automatic;
				DEVELOPMENT_TEAM = Z73YGZ4UAM;
				INFOPLIST_FILE = BasketStore/App/Info.plist;
				IPHONEOS_DEPLOYMENT_TARGET = 13.0;
				LD_RUNPATH_SEARCH_PATHS = (
					"$(inherited)",
					"@executable_path/Frameworks",
				);
				PRODUCT_BUNDLE_IDENTIFIER = com.kalinin.BasketStore;
				PRODUCT_NAME = "$(TARGET_NAME)";
				SWIFT_VERSION = 5.0;
				TARGETED_DEVICE_FAMILY = 1;
			};
			name = Release;
		};
/* End XCBuildConfiguration section */

/* Begin XCConfigurationList section */
		FD52964725A7ECF20019FEFE /* Build configuration list for PBXProject "BasketStore" */ = {
			isa = XCConfigurationList;
			buildConfigurations = (
				FD52965E25A7ECF40019FEFE /* Debug */,
				FD52965F25A7ECF40019FEFE /* Release */,
			);
			defaultConfigurationIsVisible = 0;
			defaultConfigurationName = Release;
		};
		FD52966025A7ECF40019FEFE /* Build configuration list for PBXNativeTarget "BasketStore" */ = {
			isa = XCConfigurationList;
			buildConfigurations = (
				FD52966125A7ECF40019FEFE /* Debug */,
				FD52966225A7ECF40019FEFE /* Release */,
			);
			defaultConfigurationIsVisible = 0;
			defaultConfigurationName = Release;
		};
/* End XCConfigurationList section */
	};
	rootObject = FD52964425A7ECF20019FEFE /* Project object */;
}
